
Microsoft Visual Studio Solution File, Format Version 12.00
# Visual Studio Version 17
VisualStudioVersion = 17.14.36310.24 d17.14
MinimumVisualStudioVersion = 10.0.40219.1
Project("{FAE04EC0-301F-11D3-BF4B-00C04F79EFBC}") = "Individuellt projekt - Biblioteket", "Individuellt projekt - Biblioteket\Individuellt projekt - Biblioteket.csproj", "{810E3D83-116B-4ACF-901F-B37316321CEA}"
EndProject
Global
	GlobalSection(SolutionConfigurationPlatforms) = preSolution
		Debug|Any CPU = Debug|Any CPU
		Release|Any CPU = Release|Any CPU
	EndGlobalSection
	GlobalSection(ProjectConfigurationPlatforms) = postSolution
		{810E3D83-116B-4ACF-901F-B37316321CEA}.Debug|Any CPU.ActiveCfg = Debug|Any CPU
		{810E3D83-116B-4ACF-901F-B37316321CEA}.Debug|Any CPU.Build.0 = Debug|Any CPU
		{810E3D83-116B-4ACF-901F-B37316321CEA}.Release|Any CPU.ActiveCfg = Release|Any CPU
		{810E3D83-116B-4ACF-901F-B37316321CEA}.Release|Any CPU.Build.0 = Release|Any CPU
	EndGlobalSection
	GlobalSection(SolutionProperties) = preSolution
		HideSolutionNode = FALSE
	EndGlobalSection
	GlobalSection(ExtensibilityGlobals) = postSolution
		SolutionGuid = {257186FF-6007-464B-8CD8-27DFF165BE03}
	EndGlobalSection
EndGlobal
